// !$*UTF8*$!
{
	archiveVersion = 1;
	classes = {
	};
	objectVersion = 50;
	objects = {

/* Begin PBXBuildFile section */
		77265AD1271752190041512C /* AppDelegate.swift in Sources */ = {isa = PBXBuildFile; fileRef = 77265AD0271752190041512C /* AppDelegate.swift */; };
		77265ADA2717521A0041512C /* Assets.xcassets in Resources */ = {isa = PBXBuildFile; fileRef = 77265AD92717521A0041512C /* Assets.xcassets */; };
		77265ADD2717521A0041512C /* LaunchScreen.storyboard in Resources */ = {isa = PBXBuildFile; fileRef = 77265ADB2717521A0041512C /* LaunchScreen.storyboard */; };
		77265AE5271756490041512C /* LaunchViewController.swift in Sources */ = {isa = PBXBuildFile; fileRef = 77265AE4271756490041512C /* LaunchViewController.swift */; };
		77265AE92718A4EA0041512C /* HabitsStore.swift in Sources */ = {isa = PBXBuildFile; fileRef = 77265AE82718A4EA0041512C /* HabitsStore.swift */; };
		77265AEB2718A6700041512C /* HabitsViewController.swift in Sources */ = {isa = PBXBuildFile; fileRef = 77265AEA2718A6700041512C /* HabitsViewController.swift */; };
		77265AED2718A68A0041512C /* InfoViewController.swift in Sources */ = {isa = PBXBuildFile; fileRef = 77265AEC2718A68A0041512C /* InfoViewController.swift */; };
		77265AEF271DF26E0041512C /* HabitViewController.swift in Sources */ = {isa = PBXBuildFile; fileRef = 77265AEE271DF26E0041512C /* HabitViewController.swift */; };
		77265AF9271ED5F20041512C /* SceneDelegate.swift in Sources */ = {isa = PBXBuildFile; fileRef = 77265AF8271ED5F20041512C /* SceneDelegate.swift */; };
		77265AFF27229A920041512C /* ProgressCollectionViewCell.swift in Sources */ = {isa = PBXBuildFile; fileRef = 77265AFE27229A910041512C /* ProgressCollectionViewCell.swift */; };
		77265B012725B6670041512C /* HabitCollectionViewCell.swift in Sources */ = {isa = PBXBuildFile; fileRef = 77265B002725B6670041512C /* HabitCollectionViewCell.swift */; };
		7765101F2733EA44004F0C07 /* HabitDetailsViewController.swift in Sources */ = {isa = PBXBuildFile; fileRef = 7765101E2733EA44004F0C07 /* HabitDetailsViewController.swift */; };
		77651025273819CC004F0C07 /* HabitDetailsTableViewCell.swift in Sources */ = {isa = PBXBuildFile; fileRef = 77651024273819CC004F0C07 /* HabitDetailsTableViewCell.swift */; };
/* End PBXBuildFile section */

/* Begin PBXFileReference section */
		77265ACD271752190041512C /* MyHabits.app */ = {isa = PBXFileReference; explicitFileType = wrapper.application; includeInIndex = 0; path = MyHabits.app; sourceTree = BUILT_PRODUCTS_DIR; };
		77265AD0271752190041512C /* AppDelegate.swift */ = {isa = PBXFileReference; lastKnownFileType = sourcecode.swift; path = AppDelegate.swift; sourceTree = "<group>"; };
		77265AD92717521A0041512C /* Assets.xcassets */ = {isa = PBXFileReference; lastKnownFileType = folder.assetcatalog; path = Assets.xcassets; sourceTree = "<group>"; };
		77265ADC2717521A0041512C /* Base */ = {isa = PBXFileReference; lastKnownFileType = file.storyboard; name = Base; path = Base.lproj/LaunchScreen.storyboard; sourceTree = "<group>"; };
		77265ADE2717521A0041512C /* Info.plist */ = {isa = PBXFileReference; lastKnownFileType = text.plist.xml; path = Info.plist; sourceTree = "<group>"; };
		77265AE4271756490041512C /* LaunchViewController.swift */ = {isa = PBXFileReference; lastKnownFileType = sourcecode.swift; path = LaunchViewController.swift; sourceTree = "<group>"; };
		77265AE82718A4EA0041512C /* HabitsStore.swift */ = {isa = PBXFileReference; lastKnownFileType = sourcecode.swift; path = HabitsStore.swift; sourceTree = "<group>"; };
		77265AEA2718A6700041512C /* HabitsViewController.swift */ = {isa = PBXFileReference; lastKnownFileType = sourcecode.swift; path = HabitsViewController.swift; sourceTree = "<group>"; };
		77265AEC2718A68A0041512C /* InfoViewController.swift */ = {isa = PBXFileReference; lastKnownFileType = sourcecode.swift; path = InfoViewController.swift; sourceTree = "<group>"; };
		77265AEE271DF26E0041512C /* HabitViewController.swift */ = {isa = PBXFileReference; lastKnownFileType = sourcecode.swift; path = HabitViewController.swift; sourceTree = "<group>"; };
		77265AF8271ED5F20041512C /* SceneDelegate.swift */ = {isa = PBXFileReference; fileEncoding = 4; lastKnownFileType = sourcecode.swift; path = SceneDelegate.swift; sourceTree = "<group>"; };
		77265AFE27229A910041512C /* ProgressCollectionViewCell.swift */ = {isa = PBXFileReference; lastKnownFileType = sourcecode.swift; path = ProgressCollectionViewCell.swift; sourceTree = "<group>"; };
		77265B002725B6670041512C /* HabitCollectionViewCell.swift */ = {isa = PBXFileReference; lastKnownFileType = sourcecode.swift; path = HabitCollectionViewCell.swift; sourceTree = "<group>"; };
		7765101E2733EA44004F0C07 /* HabitDetailsViewController.swift */ = {isa = PBXFileReference; lastKnownFileType = sourcecode.swift; path = HabitDetailsViewController.swift; sourceTree = "<group>"; };
		77651024273819CC004F0C07 /* HabitDetailsTableViewCell.swift */ = {isa = PBXFileReference; lastKnownFileType = sourcecode.swift; path = HabitDetailsTableViewCell.swift; sourceTree = "<group>"; };
/* End PBXFileReference section */

/* Begin PBXFrameworksBuildPhase section */
		77265ACA271752190041512C /* Frameworks */ = {
			isa = PBXFrameworksBuildPhase;
			buildActionMask = 2147483647;
			files = (
			);
			runOnlyForDeploymentPostprocessing = 0;
		};
/* End PBXFrameworksBuildPhase section */

/* Begin PBXGroup section */
		77265AC4271752190041512C = {
			isa = PBXGroup;
			children = (
				77265ACF271752190041512C /* MyHabits */,
				77265ACE271752190041512C /* Products */,
			);
			sourceTree = "<group>";
		};
		77265ACE271752190041512C /* Products */ = {
			isa = PBXGroup;
			children = (
				77265ACD271752190041512C /* MyHabits.app */,
			);
			name = Products;
			sourceTree = "<group>";
		};
		77265ACF271752190041512C /* MyHabits */ = {
			isa = PBXGroup;
			children = (
				77265AD0271752190041512C /* AppDelegate.swift */,
				77265AF8271ED5F20041512C /* SceneDelegate.swift */,
				77265AD92717521A0041512C /* Assets.xcassets */,
				77265ADB2717521A0041512C /* LaunchScreen.storyboard */,
				77265AE82718A4EA0041512C /* HabitsStore.swift */,
				77265AE4271756490041512C /* LaunchViewController.swift */,
				77265ADE2717521A0041512C /* Info.plist */,
				77265AEC2718A68A0041512C /* InfoViewController.swift */,
				77265AEA2718A6700041512C /* HabitsViewController.swift */,
				77265AEE271DF26E0041512C /* HabitViewController.swift */,
				7765101E2733EA44004F0C07 /* HabitDetailsViewController.swift */,
				77651026274107C8004F0C07 /* Cells */,
			);
			path = MyHabits;
			sourceTree = "<group>";
		};
		77651026274107C8004F0C07 /* Cells */ = {
			isa = PBXGroup;
			children = (
				77651024273819CC004F0C07 /* HabitDetailsTableViewCell.swift */,
				77265AFE27229A910041512C /* ProgressCollectionViewCell.swift */,
				77265B002725B6670041512C /* HabitCollectionViewCell.swift */,
			);
			path = Cells;
			sourceTree = "<group>";
		};
/* End PBXGroup section */

/* Begin PBXNativeTarget section */
		77265ACC271752190041512C /* MyHabits */ = {
			isa = PBXNativeTarget;
			buildConfigurationList = 77265AE12717521A0041512C /* Build configuration list for PBXNativeTarget "MyHabits" */;
			buildPhases = (
				77265AC9271752190041512C /* Sources */,
				77265ACA271752190041512C /* Frameworks */,
				77265ACB271752190041512C /* Resources */,
			);
			buildRules = (
			);
			dependencies = (
			);
			name = MyHabits;
			productName = MyHabits;
			productReference = 77265ACD271752190041512C /* MyHabits.app */;
			productType = "com.apple.product-type.application";
		};
/* End PBXNativeTarget section */

/* Begin PBXProject section */
		77265AC5271752190041512C /* Project object */ = {
			isa = PBXProject;
			attributes = {
				LastSwiftUpdateCheck = 1250;
				LastUpgradeCheck = 1250;
				TargetAttributes = {
					77265ACC271752190041512C = {
						CreatedOnToolsVersion = 12.5.1;
					};
				};
			};
			buildConfigurationList = 77265AC8271752190041512C /* Build configuration list for PBXProject "MyHabits" */;
			compatibilityVersion = "Xcode 9.3";
			developmentRegion = en;
			hasScannedForEncodings = 0;
			knownRegions = (
				en,
				Base,
			);
			mainGroup = 77265AC4271752190041512C;
			productRefGroup = 77265ACE271752190041512C /* Products */;
			projectDirPath = "";
			projectRoot = "";
			targets = (
				77265ACC271752190041512C /* MyHabits */,
			);
		};
/* End PBXProject section */

/* Begin PBXResourcesBuildPhase section */
		77265ACB271752190041512C /* Resources */ = {
			isa = PBXResourcesBuildPhase;
			buildActionMask = 2147483647;
			files = (
				77265ADD2717521A0041512C /* LaunchScreen.storyboard in Resources */,
				77265ADA2717521A0041512C /* Assets.xcassets in Resources */,
			);
			runOnlyForDeploymentPostprocessing = 0;
		};
/* End PBXResourcesBuildPhase section */

/* Begin PBXSourcesBuildPhase section */
		77265AC9271752190041512C /* Sources */ = {
			isa = PBXSourcesBuildPhase;
			buildActionMask = 2147483647;
			files = (
				77265AEB2718A6700041512C /* HabitsViewController.swift in Sources */,
				77265AD1271752190041512C /* AppDelegate.swift in Sources */,
				77265B012725B6670041512C /* HabitCollectionViewCell.swift in Sources */,
				77265AEF271DF26E0041512C /* HabitViewController.swift in Sources */,
				77265AED2718A68A0041512C /* InfoViewController.swift in Sources */,
				77265AE92718A4EA0041512C /* HabitsStore.swift in Sources */,
				77265AE5271756490041512C /* LaunchViewController.swift in Sources */,
				77265AFF27229A920041512C /* ProgressCollectionViewCell.swift in Sources */,
				7765101F2733EA44004F0C07 /* HabitDetailsViewController.swift in Sources */,
				77651025273819CC004F0C07 /* HabitDetailsTableViewCell.swift in Sources */,
				77265AF9271ED5F20041512C /* SceneDelegate.swift in Sources */,
			);
			runOnlyForDeploymentPostprocessing = 0;
		};
/* End PBXSourcesBuildPhase section */

/* Begin PBXVariantGroup section */
		77265ADB2717521A0041512C /* LaunchScreen.storyboard */ = {
			isa = PBXVariantGroup;
			children = (
				77265ADC2717521A0041512C /* Base */,
			);
			name = LaunchScreen.storyboard;
			sourceTree = "<group>";
		};
/* End PBXVariantGroup section */

/* Begin XCBuildConfiguration section */
		77265ADF2717521A0041512C /* Debug */ = {
			isa = XCBuildConfiguration;
			buildSettings = {
				ALWAYS_SEARCH_USER_PATHS = NO;
				CLANG_ANALYZER_NONNULL = YES;
				CLANG_ANALYZER_NUMBER_OBJECT_CONVERSION = YES_AGGRESSIVE;
				CLANG_CXX_LANGUAGE_STANDARD = "gnu++14";
				CLANG_CXX_LIBRARY = "libc++";
				CLANG_ENABLE_MODULES = YES;
				CLANG_ENABLE_OBJC_ARC = YES;
				CLANG_ENABLE_OBJC_WEAK = YES;
				CLANG_WARN_BLOCK_CAPTURE_AUTORELEASING = YES;
				CLANG_WARN_BOOL_CONVERSION = YES;
				CLANG_WARN_COMMA = YES;
				CLANG_WARN_CONSTANT_CONVERSION = YES;
				CLANG_WARN_DEPRECATED_OBJC_IMPLEMENTATIONS = YES;
				CLANG_WARN_DIRECT_OBJC_ISA_USAGE = YES_ERROR;
				CLANG_WARN_DOCUMENTATION_COMMENTS = YES;
				CLANG_WARN_EMPTY_BODY = YES;
				CLANG_WARN_ENUM_CONVERSION = YES;
				CLANG_WARN_INFINITE_RECURSION = YES;
				CLANG_WARN_INT_CONVERSION = YES;
				CLANG_WARN_NON_LITERAL_NULL_CONVERSION = YES;
				CLANG_WARN_OBJC_IMPLICIT_RETAIN_SELF = YES;
				CLANG_WARN_OBJC_LITERAL_CONVERSION = YES;
				CLANG_WARN_OBJC_ROOT_CLASS = YES_ERROR;
				CLANG_WARN_QUOTED_INCLUDE_IN_FRAMEWORK_HEADER = YES;
				CLANG_WARN_RANGE_LOOP_ANALYSIS = YES;
				CLANG_WARN_STRICT_PROTOTYPES = YES;
				CLANG_WARN_SUSPICIOUS_MOVE = YES;
				CLANG_WARN_UNGUARDED_AVAILABILITY = YES_AGGRESSIVE;
				CLANG_WARN_UNREACHABLE_CODE = YES;
				CLANG_WARN__DUPLICATE_METHOD_MATCH = YES;
				COPY_PHASE_STRIP = NO;
				DEBUG_INFORMATION_FORMAT = dwarf;
				ENABLE_STRICT_OBJC_MSGSEND = YES;
				ENABLE_TESTABILITY = YES;
				GCC_C_LANGUAGE_STANDARD = gnu11;
				GCC_DYNAMIC_NO_PIC = NO;
				GCC_NO_COMMON_BLOCKS = YES;
				GCC_OPTIMIZATION_LEVEL = 0;
				GCC_PREPROCESSOR_DEFINITIONS = (
					"DEBUG=1",
					"$(inherited)",
				);
				GCC_WARN_64_TO_32_BIT_CONVERSION = YES;
				GCC_WARN_ABOUT_RETURN_TYPE = YES_ERROR;
				GCC_WARN_UNDECLARED_SELECTOR = YES;
				GCC_WARN_UNINITIALIZED_AUTOS = YES_AGGRESSIVE;
				GCC_WARN_UNUSED_FUNCTION = YES;
				GCC_WARN_UNUSED_VARIABLE = YES;
				IPHONEOS_DEPLOYMENT_TARGET = 14.5;
				MTL_ENABLE_DEBUG_INFO = INCLUDE_SOURCE;
				MTL_FAST_MATH = YES;
				ONLY_ACTIVE_ARCH = YES;
				SDKROOT = iphoneos;
				SWIFT_ACTIVE_COMPILATION_CONDITIONS = DEBUG;
				SWIFT_OPTIMIZATION_LEVEL = "-Onone";
			};
			name = Debug;
		};
		77265AE02717521A0041512C /* Release */ = {
			isa = XCBuildConfiguration;
			buildSettings = {
				ALWAYS_SEARCH_USER_PATHS = NO;
				CLANG_ANALYZER_NONNULL = YES;
				CLANG_ANALYZER_NUMBER_OBJECT_CONVERSION = YES_AGGRESSIVE;
				CLANG_CXX_LANGUAGE_STANDARD = "gnu++14";
				CLANG_CXX_LIBRARY = "libc++";
				CLANG_ENABLE_MODULES = YES;
				CLANG_ENABLE_OBJC_ARC = YES;
				CLANG_ENABLE_OBJC_WEAK = YES;
				CLANG_WARN_BLOCK_CAPTURE_AUTORELEASING = YES;
				CLANG_WARN_BOOL_CONVERSION = YES;
				CLANG_WARN_COMMA = YES;
				CLANG_WARN_CONSTANT_CONVERSION = YES;
				CLANG_WARN_DEPRECATED_OBJC_IMPLEMENTATIONS = YES;
				CLANG_WARN_DIRECT_OBJC_ISA_USAGE = YES_ERROR;
				CLANG_WARN_DOCUMENTATION_COMMENTS = YES;
				CLANG_WARN_EMPTY_BODY = YES;
				CLANG_WARN_ENUM_CONVERSION = YES;
				CLANG_WARN_INFINITE_RECURSION = YES;
				CLANG_WARN_INT_CONVERSION = YES;
				CLANG_WARN_NON_LITERAL_NULL_CONVERSION = YES;
				CLANG_WARN_OBJC_IMPLICIT_RETAIN_SELF = YES;
				CLANG_WARN_OBJC_LITERAL_CONVERSION = YES;
				CLANG_WARN_OBJC_ROOT_CLASS = YES_ERROR;
				CLANG_WARN_QUOTED_INCLUDE_IN_FRAMEWORK_HEADER = YES;
				CLANG_WARN_RANGE_LOOP_ANALYSIS = YES;
				CLANG_WARN_STRICT_PROTOTYPES = YES;
				CLANG_WARN_SUSPICIOUS_MOVE = YES;
				CLANG_WARN_UNGUARDED_AVAILABILITY = YES_AGGRESSIVE;
				CLANG_WARN_UNREACHABLE_CODE = YES;
				CLANG_WARN__DUPLICATE_METHOD_MATCH = YES;
				COPY_PHASE_STRIP = NO;
				DEBUG_INFORMATION_FORMAT = "dwarf-with-dsym";
				ENABLE_NS_ASSERTIONS = NO;
				ENABLE_STRICT_OBJC_MSGSEND = YES;
				GCC_C_LANGUAGE_STANDARD = gnu11;
				GCC_NO_COMMON_BLOCKS = YES;
				GCC_WARN_64_TO_32_BIT_CONVERSION = YES;
				GCC_WARN_ABOUT_RETURN_TYPE = YES_ERROR;
				GCC_WARN_UNDECLARED_SELECTOR = YES;
				GCC_WARN_UNINITIALIZED_AUTOS = YES_AGGRESSIVE;
				GCC_WARN_UNUSED_FUNCTION = YES;
				GCC_WARN_UNUSED_VARIABLE = YES;
				IPHONEOS_DEPLOYMENT_TARGET = 14.5;
				MTL_ENABLE_DEBUG_INFO = NO;
				MTL_FAST_MATH = YES;
				SDKROOT = iphoneos;
				SWIFT_COMPILATION_MODE = wholemodule;
				SWIFT_OPTIMIZATION_LEVEL = "-O";
				VALIDATE_PRODUCT = YES;
			};
			name = Release;
		};
		77265AE22717521A0041512C /* Debug */ = {
			isa = XCBuildConfiguration;
			buildSettings = {
				ASSETCATALOG_COMPILER_APPICON_NAME = AppIcon;
				ASSETCATALOG_COMPILER_GLOBAL_ACCENT_COLOR_NAME = AccentColor;
				CODE_SIGN_STYLE = Automatic;
				INFOPLIST_FILE = MyHabits/Info.plist;
				LD_RUNPATH_SEARCH_PATHS = (
					"$(inherited)",
					"@executable_path/Frameworks",
				);
				PRODUCT_BUNDLE_IDENTIFIER = com.stepanov.MyHabits;
				PRODUCT_NAME = "$(TARGET_NAME)";
				SWIFT_VERSION = 5.0;
				TARGETED_DEVICE_FAMILY = "1,2";
			};
			name = Debug;
		};
		77265AE32717521A0041512C /* Release */ = {
			isa = XCBuildConfiguration;
			buildSettings = {
				ASSETCATALOG_COMPILER_APPICON_NAME = AppIcon;
				ASSETCATALOG_COMPILER_GLOBAL_ACCENT_COLOR_NAME = AccentColor;
				CODE_SIGN_STYLE = Automatic;
				INFOPLIST_FILE = MyHabits/Info.plist;
				LD_RUNPATH_SEARCH_PATHS = (
					"$(inherited)",
					"@executable_path/Frameworks",
				);
				PRODUCT_BUNDLE_IDENTIFIER = com.stepanov.MyHabits;
				PRODUCT_NAME = "$(TARGET_NAME)";
				SWIFT_VERSION = 5.0;
				TARGETED_DEVICE_FAMILY = "1,2";
			};
			name = Release;
		};
/* End XCBuildConfiguration section */

/* Begin XCConfigurationList section */
		77265AC8271752190041512C /* Build configuration list for PBXProject "MyHabits" */ = {
			isa = XCConfigurationList;
			buildConfigurations = (
				77265ADF2717521A0041512C /* Debug */,
				77265AE02717521A0041512C /* Release */,
			);
			defaultConfigurationIsVisible = 0;
			defaultConfigurationName = Release;
		};
		77265AE12717521A0041512C /* Build configuration list for PBXNativeTarget "MyHabits" */ = {
			isa = XCConfigurationList;
			buildConfigurations = (
				77265AE22717521A0041512C /* Debug */,
				77265AE32717521A0041512C /* Release */,
			);
			defaultConfigurationIsVisible = 0;
			defaultConfigurationName = Release;
		};
/* End XCConfigurationList section */
	};
	rootObject = 77265AC5271752190041512C /* Project object */;
}
